
Microsoft Visual Studio Solution File, Format Version 12.00
# Visual Studio Version 17
VisualStudioVersion = 17.8.34330.188
MinimumVisualStudioVersion = 10.0.40219.1
Project("{9A19103F-16F7-4668-BE54-9A1E7A4F7556}") = "AccountInfoManager", "AccountInfoManager.csproj", "{32502865-9C2D-42C5-97C3-906A6E0BEDB3}"
EndProject
Project("{54435603-DBB4-11D2-8724-00A0C9A8B90C}") = "AcIMS", "..\AcIM\AcIM.vdproj", "{247EDA76-23D2-4D63-88EE-BB905B16C7E6}"
EndProject
Project("{C7167F0D-BC9F-4E6E-AFE1-012C56B48DB5}") = "AcIMSPack", "..\AcIMSPack\AcIMSPack.wapproj", "{45C53ECC-E32B-4D86-8740-BDF920916A1B}"
EndProject
Project("{54435603-DBB4-11D2-8724-00A0C9A8B90C}") = "AcIMS_Installer", "..\AcIMS_Installer\AcIMS_Installer.vdproj", "{D956BF36-5C46-4C7A-BC1E-212E72E65A0A}"
EndProject
Global
	GlobalSection(SolutionConfigurationPlatforms) = preSolution
		Debug|Any CPU = Debug|Any CPU
		Debug|ARM = Debug|ARM
		Debug|ARM64 = Debug|ARM64
		Debug|x64 = Debug|x64
		Debug|x86 = Debug|x86
		Release|Any CPU = Release|Any CPU
		Release|ARM = Release|ARM
		Release|ARM64 = Release|ARM64
		Release|x64 = Release|x64
		Release|x86 = Release|x86
	EndGlobalSection
	GlobalSection(ProjectConfigurationPlatforms) = postSolution
		{32502865-9C2D-42C5-97C3-906A6E0BEDB3}.Debug|Any CPU.ActiveCfg = Debug|Any CPU
		{32502865-9C2D-42C5-97C3-906A6E0BEDB3}.Debug|Any CPU.Build.0 = Debug|Any CPU
		{32502865-9C2D-42C5-97C3-906A6E0BEDB3}.Debug|ARM.ActiveCfg = Debug|Any CPU
		{32502865-9C2D-42C5-97C3-906A6E0BEDB3}.Debug|ARM.Build.0 = Debug|Any CPU
		{32502865-9C2D-42C5-97C3-906A6E0BEDB3}.Debug|ARM64.ActiveCfg = Debug|Any CPU
		{32502865-9C2D-42C5-97C3-906A6E0BEDB3}.Debug|ARM64.Build.0 = Debug|Any CPU
		{32502865-9C2D-42C5-97C3-906A6E0BEDB3}.Debug|x64.ActiveCfg = Debug|Any CPU
		{32502865-9C2D-42C5-97C3-906A6E0BEDB3}.Debug|x64.Build.0 = Debug|Any CPU
		{32502865-9C2D-42C5-97C3-906A6E0BEDB3}.Debug|x86.ActiveCfg = Debug|Any CPU
		{32502865-9C2D-42C5-97C3-906A6E0BEDB3}.Debug|x86.Build.0 = Debug|Any CPU
		{32502865-9C2D-42C5-97C3-906A6E0BEDB3}.Release|Any CPU.ActiveCfg = Debug|Any CPU
		{32502865-9C2D-42C5-97C3-906A6E0BEDB3}.Release|Any CPU.Build.0 = Debug|Any CPU
		{32502865-9C2D-42C5-97C3-906A6E0BEDB3}.Release|ARM.ActiveCfg = Release|Any CPU
		{32502865-9C2D-42C5-97C3-906A6E0BEDB3}.Release|ARM.Build.0 = Release|Any CPU
		{32502865-9C2D-42C5-97C3-906A6E0BEDB3}.Release|ARM64.ActiveCfg = Release|Any CPU
		{32502865-9C2D-42C5-97C3-906A6E0BEDB3}.Release|ARM64.Build.0 = Release|Any CPU
		{32502865-9C2D-42C5-97C3-906A6E0BEDB3}.Release|x64.ActiveCfg = Release|Any CPU
		{32502865-9C2D-42C5-97C3-906A6E0BEDB3}.Release|x64.Build.0 = Release|Any CPU
		{32502865-9C2D-42C5-97C3-906A6E0BEDB3}.Release|x86.ActiveCfg = Release|Any CPU
		{32502865-9C2D-42C5-97C3-906A6E0BEDB3}.Release|x86.Build.0 = Release|Any CPU
		{247EDA76-23D2-4D63-88EE-BB905B16C7E6}.Debug|Any CPU.ActiveCfg = Debug
		{247EDA76-23D2-4D63-88EE-BB905B16C7E6}.Debug|ARM.ActiveCfg = Debug
		{247EDA76-23D2-4D63-88EE-BB905B16C7E6}.Debug|ARM.Build.0 = Debug
		{247EDA76-23D2-4D63-88EE-BB905B16C7E6}.Debug|ARM64.ActiveCfg = Debug
		{247EDA76-23D2-4D63-88EE-BB905B16C7E6}.Debug|ARM64.Build.0 = Debug
		{247EDA76-23D2-4D63-88EE-BB905B16C7E6}.Debug|x64.ActiveCfg = Debug
		{247EDA76-23D2-4D63-88EE-BB905B16C7E6}.Debug|x64.Build.0 = Debug
		{247EDA76-23D2-4D63-88EE-BB905B16C7E6}.Debug|x86.ActiveCfg = Debug
		{247EDA76-23D2-4D63-88EE-BB905B16C7E6}.Debug|x86.Build.0 = Debug
		{247EDA76-23D2-4D63-88EE-BB905B16C7E6}.Release|Any CPU.ActiveCfg = Debug
		{247EDA76-23D2-4D63-88EE-BB905B16C7E6}.Release|ARM.ActiveCfg = Release
		{247EDA76-23D2-4D63-88EE-BB905B16C7E6}.Release|ARM.Build.0 = Release
		{247EDA76-23D2-4D63-88EE-BB905B16C7E6}.Release|ARM64.ActiveCfg = Release
		{247EDA76-23D2-4D63-88EE-BB905B16C7E6}.Release|ARM64.Build.0 = Release
		{247EDA76-23D2-4D63-88EE-BB905B16C7E6}.Release|x64.ActiveCfg = Release
		{247EDA76-23D2-4D63-88EE-BB905B16C7E6}.Release|x64.Build.0 = Release
		{247EDA76-23D2-4D63-88EE-BB905B16C7E6}.Release|x86.ActiveCfg = Release
		{247EDA76-23D2-4D63-88EE-BB905B16C7E6}.Release|x86.Build.0 = Release
		{45C53ECC-E32B-4D86-8740-BDF920916A1B}.Debug|Any CPU.ActiveCfg = Debug|Any CPU
		{45C53ECC-E32B-4D86-8740-BDF920916A1B}.Debug|Any CPU.Build.0 = Debug|Any CPU
		{45C53ECC-E32B-4D86-8740-BDF920916A1B}.Debug|Any CPU.Deploy.0 = Debug|Any CPU
		{45C53ECC-E32B-4D86-8740-BDF920916A1B}.Debug|ARM.ActiveCfg = Debug|ARM
		{45C53ECC-E32B-4D86-8740-BDF920916A1B}.Debug|ARM.Build.0 = Debug|ARM
		{45C53ECC-E32B-4D86-8740-BDF920916A1B}.Debug|ARM.Deploy.0 = Debug|ARM
		{45C53ECC-E32B-4D86-8740-BDF920916A1B}.Debug|ARM64.ActiveCfg = Debug|ARM64
		{45C53ECC-E32B-4D86-8740-BDF920916A1B}.Debug|ARM64.Build.0 = Debug|ARM64
		{45C53ECC-E32B-4D86-8740-BDF920916A1B}.Debug|ARM64.Deploy.0 = Debug|ARM64
		{45C53ECC-E32B-4D86-8740-BDF920916A1B}.Debug|x64.ActiveCfg = Debug|x64
		{45C53ECC-E32B-4D86-8740-BDF920916A1B}.Debug|x64.Build.0 = Debug|x64
		{45C53ECC-E32B-4D86-8740-BDF920916A1B}.Debug|x64.Deploy.0 = Debug|x64
		{45C53ECC-E32B-4D86-8740-BDF920916A1B}.Debug|x86.ActiveCfg = Debug|x86
		{45C53ECC-E32B-4D86-8740-BDF920916A1B}.Debug|x86.Build.0 = Debug|x86
		{45C53ECC-E32B-4D86-8740-BDF920916A1B}.Debug|x86.Deploy.0 = Debug|x86
		{45C53ECC-E32B-4D86-8740-BDF920916A1B}.Release|Any CPU.ActiveCfg = Release|Any CPU
		{45C53ECC-E32B-4D86-8740-BDF920916A1B}.Release|Any CPU.Build.0 = Release|Any CPU
		{45C53ECC-E32B-4D86-8740-BDF920916A1B}.Release|Any CPU.Deploy.0 = Release|Any CPU
		{45C53ECC-E32B-4D86-8740-BDF920916A1B}.Release|ARM.ActiveCfg = Release|ARM
		{45C53ECC-E32B-4D86-8740-BDF920916A1B}.Release|ARM.Build.0 = Release|ARM
		{45C53ECC-E32B-4D86-8740-BDF920916A1B}.Release|ARM.Deploy.0 = Release|ARM
		{45C53ECC-E32B-4D86-8740-BDF920916A1B}.Release|ARM64.ActiveCfg = Release|ARM64
		{45C53ECC-E32B-4D86-8740-BDF920916A1B}.Release|ARM64.Build.0 = Release|ARM64
		{45C53ECC-E32B-4D86-8740-BDF920916A1B}.Release|ARM64.Deploy.0 = Release|ARM64
		{45C53ECC-E32B-4D86-8740-BDF920916A1B}.Release|x64.ActiveCfg = Release|x64
		{45C53ECC-E32B-4D86-8740-BDF920916A1B}.Release|x64.Build.0 = Release|x64
		{45C53ECC-E32B-4D86-8740-BDF920916A1B}.Release|x64.Deploy.0 = Release|x64
		{45C53ECC-E32B-4D86-8740-BDF920916A1B}.Release|x86.ActiveCfg = Release|x86
		{45C53ECC-E32B-4D86-8740-BDF920916A1B}.Release|x86.Build.0 = Release|x86
		{45C53ECC-E32B-4D86-8740-BDF920916A1B}.Release|x86.Deploy.0 = Release|x86
		{D956BF36-5C46-4C7A-BC1E-212E72E65A0A}.Debug|Any CPU.ActiveCfg = Debug
		{D956BF36-5C46-4C7A-BC1E-212E72E65A0A}.Debug|Any CPU.Build.0 = Debug
		{D956BF36-5C46-4C7A-BC1E-212E72E65A0A}.Debug|ARM.ActiveCfg = Debug
		{D956BF36-5C46-4C7A-BC1E-212E72E65A0A}.Debug|ARM.Build.0 = Debug
		{D956BF36-5C46-4C7A-BC1E-212E72E65A0A}.Debug|ARM64.ActiveCfg = Debug
		{D956BF36-5C46-4C7A-BC1E-212E72E65A0A}.Debug|ARM64.Build.0 = Debug
		{D956BF36-5C46-4C7A-BC1E-212E72E65A0A}.Debug|x64.ActiveCfg = Debug
		{D956BF36-5C46-4C7A-BC1E-212E72E65A0A}.Debug|x64.Build.0 = Debug
		{D956BF36-5C46-4C7A-BC1E-212E72E65A0A}.Debug|x86.ActiveCfg = Debug
		{D956BF36-5C46-4C7A-BC1E-212E72E65A0A}.Debug|x86.Build.0 = Debug
		{D956BF36-5C46-4C7A-BC1E-212E72E65A0A}.Release|Any CPU.ActiveCfg = Release
		{D956BF36-5C46-4C7A-BC1E-212E72E65A0A}.Release|Any CPU.Build.0 = Release
		{D956BF36-5C46-4C7A-BC1E-212E72E65A0A}.Release|ARM.ActiveCfg = Release
		{D956BF36-5C46-4C7A-BC1E-212E72E65A0A}.Release|ARM.Build.0 = Release
		{D956BF36-5C46-4C7A-BC1E-212E72E65A0A}.Release|ARM64.ActiveCfg = Release
		{D956BF36-5C46-4C7A-BC1E-212E72E65A0A}.Release|ARM64.Build.0 = Release
		{D956BF36-5C46-4C7A-BC1E-212E72E65A0A}.Release|x64.ActiveCfg = Release
		{D956BF36-5C46-4C7A-BC1E-212E72E65A0A}.Release|x64.Build.0 = Release
		{D956BF36-5C46-4C7A-BC1E-212E72E65A0A}.Release|x86.ActiveCfg = Release
		{D956BF36-5C46-4C7A-BC1E-212E72E65A0A}.Release|x86.Build.0 = Release
	EndGlobalSection
	GlobalSection(SolutionProperties) = preSolution
		HideSolutionNode = FALSE
	EndGlobalSection
	GlobalSection(ExtensibilityGlobals) = postSolution
		SolutionGuid = {282922BB-CD7D-419E-8074-18D214271878}
	EndGlobalSection
EndGlobal
